// !$*UTF8*$!
{
	archiveVersion = 1;
	classes = {
	};
	objectVersion = 46;
	objects = {

/* Begin PBXBuildFile section */
		1409E9EF1B4AF69F003FF46D /* Menu.swift in Sources */ = {isa = PBXBuildFile; fileRef = 1409E9EE1B4AF69F003FF46D /* Menu.swift */; };
		141232721B0E85810045E7AA /* AppDelegate.swift in Sources */ = {isa = PBXBuildFile; fileRef = 141232711B0E85810045E7AA /* AppDelegate.swift */; };
		141232741B0E85810045E7AA /* ViewController.swift in Sources */ = {isa = PBXBuildFile; fileRef = 141232731B0E85810045E7AA /* ViewController.swift */; };
		141232791B0E85810045E7AA /* Images.xcassets in Resources */ = {isa = PBXBuildFile; fileRef = 141232781B0E85810045E7AA /* Images.xcassets */; };
		1412327C1B0E85810045E7AA /* LaunchScreen.xib in Resources */ = {isa = PBXBuildFile; fileRef = 1412327A1B0E85810045E7AA /* LaunchScreen.xib */; };
		141232881B0E85810045E7AA /* The_Poop_DeckTests.swift in Sources */ = {isa = PBXBuildFile; fileRef = 141232871B0E85810045E7AA /* The_Poop_DeckTests.swift */; };
		1412329B1B0E85BD0045E7AA /* InterfaceController.swift in Sources */ = {isa = PBXBuildFile; fileRef = 1412329A1B0E85BD0045E7AA /* InterfaceController.swift */; };
		1412329D1B0E85BD0045E7AA /* NotificationController.swift in Sources */ = {isa = PBXBuildFile; fileRef = 1412329C1B0E85BD0045E7AA /* NotificationController.swift */; };
		141232A11B0E85BD0045E7AA /* Images.xcassets in Resources */ = {isa = PBXBuildFile; fileRef = 141232A01B0E85BD0045E7AA /* Images.xcassets */; };
		141232AD1B0E85BD0045E7AA /* Interface.storyboard in Resources */ = {isa = PBXBuildFile; fileRef = 141232AB1B0E85BD0045E7AA /* Interface.storyboard */; };
		141232AF1B0E85BD0045E7AA /* Images.xcassets in Resources */ = {isa = PBXBuildFile; fileRef = 141232AE1B0E85BD0045E7AA /* Images.xcassets */; };
		141232DF1B0E91C40045E7AA /* MealViewController.swift in Sources */ = {isa = PBXBuildFile; fileRef = 141232DE1B0E91C40045E7AA /* MealViewController.swift */; };
		141232E11B0E920A0045E7AA /* HUDRefreshControl.swift in Sources */ = {isa = PBXBuildFile; fileRef = 141232E01B0E920A0045E7AA /* HUDRefreshControl.swift */; };
		141232E31B0E92460045E7AA /* JSONLoader.swift in Sources */ = {isa = PBXBuildFile; fileRef = 141232E21B0E92460045E7AA /* JSONLoader.swift */; };
		141232E51B0E927C0045E7AA /* NavigationController.swift in Sources */ = {isa = PBXBuildFile; fileRef = 141232E41B0E927C0045E7AA /* NavigationController.swift */; };
		141232E71B0E92AA0045E7AA /* CustomCellTableViewCell.swift in Sources */ = {isa = PBXBuildFile; fileRef = 141232E61B0E92AA0045E7AA /* CustomCellTableViewCell.swift */; };
		141232E91B0E92C20045E7AA /* DayModel.swift in Sources */ = {isa = PBXBuildFile; fileRef = 141232E81B0E92C20045E7AA /* DayModel.swift */; };
		141232F81B0E98890045E7AA /* Main.storyboard in Resources */ = {isa = PBXBuildFile; fileRef = 141232F71B0E98890045E7AA /* Main.storyboard */; };
		141605981C594B3700C60AA6 /* PushNotifications.swift in Sources */ = {isa = PBXBuildFile; fileRef = 141605971C594B3700C60AA6 /* PushNotifications.swift */; };
		1419C2601C6553E3002C24A1 /* OvalLayer.swift in Sources */ = {isa = PBXBuildFile; fileRef = 1419C25F1C6553E3002C24A1 /* OvalLayer.swift */; };
		1419C2631C655416002C24A1 /* Colors.swift in Sources */ = {isa = PBXBuildFile; fileRef = 1419C2621C655416002C24A1 /* Colors.swift */; };
		1419C2651C655442002C24A1 /* HolderView.swift in Sources */ = {isa = PBXBuildFile; fileRef = 1419C2641C655442002C24A1 /* HolderView.swift */; };
		1419C2671C682B77002C24A1 /* CGRupdate.swift in Sources */ = {isa = PBXBuildFile; fileRef = 1419C2661C682B77002C24A1 /* CGRupdate.swift */; };
		143E9D431B1FCC55004BA4A3 /* swordIcon@3x.png in Resources */ = {isa = PBXBuildFile; fileRef = 143E9D411B1FCC55004BA4A3 /* swordIcon@3x.png */; };
		143E9D441B1FCC55004BA4A3 /* swordIcon@2x.png in Resources */ = {isa = PBXBuildFile; fileRef = 143E9D421B1FCC55004BA4A3 /* swordIcon@2x.png */; };
		145495101C5DF62A0021F70A /* NotificationScreenController.swift in Sources */ = {isa = PBXBuildFile; fileRef = 1454950F1C5DF62A0021F70A /* NotificationScreenController.swift */; };
		145507711C2E09D7009BBFF8 /* Interface.storyboard in Resources */ = {isa = PBXBuildFile; fileRef = 141232AB1B0E85BD0045E7AA /* Interface.storyboard */; };
		145507781C2E1B89009BBFF8 /* WatchMenuRow.swift in Sources */ = {isa = PBXBuildFile; fileRef = 145507761C2E1B89009BBFF8 /* WatchMenuRow.swift */; };
		145507791C2E1D2E009BBFF8 /* WatchMenuInterface.swift in Sources */ = {isa = PBXBuildFile; fileRef = 141A44CF1C2CD75300513AAE /* WatchMenuInterface.swift */; };
		1455077B1C2E21AB009BBFF8 /* WatchMenu.swift in Sources */ = {isa = PBXBuildFile; fileRef = 1455077A1C2E21AB009BBFF8 /* WatchMenu.swift */; };
		1455077D1C30774C009BBFF8 /* GraduationClass.swift in Sources */ = {isa = PBXBuildFile; fileRef = 1455077C1C30774C009BBFF8 /* GraduationClass.swift */; };
		1488C6A31B37AB6F00E32B23 /* RadialBars.xcassets in Resources */ = {isa = PBXBuildFile; fileRef = 1488C6A21B37AB6E00E32B23 /* RadialBars.xcassets */; };
		1488C6A51B37AC5D00E32B23 /* Buttons.xcassets in Resources */ = {isa = PBXBuildFile; fileRef = 1488C6A41B37AC5D00E32B23 /* Buttons.xcassets */; };
		148F78881B0EBBC40056D00E /* RadialBarController.swift in Sources */ = {isa = PBXBuildFile; fileRef = 141233761B0EB0C90045E7AA /* RadialBarController.swift */; };
		1498ACD01BA4A65E009362C0 /* The Poop Deck WatchKit Extension.appex in Embed App Extensions */ = {isa = PBXBuildFile; fileRef = 141232951B0E85BD0045E7AA /* The Poop Deck WatchKit Extension.appex */; settings = {ATTRIBUTES = (RemoveHeadersOnCopy, ); }; };
		1498ACD31BA4A65E009362C0 /* The Poop Deck WatchKit App.app in Embed Watch Content */ = {isa = PBXBuildFile; fileRef = 141232A41B0E85BD0045E7AA /* The Poop Deck WatchKit App.app */; };
		14B39C8B1B121F00005D682E /* Settings.bundle in Resources */ = {isa = PBXBuildFile; fileRef = 14B39C8A1B121F00005D682E /* Settings.bundle */; };
		14D88E411B101D06003D4A8A /* WatchKit.framework in Frameworks */ = {isa = PBXBuildFile; fileRef = 14D88E401B101D06003D4A8A /* WatchKit.framework */; };
		14EFFCAE1C2B79B600E40973 /* Dates.swift in Sources */ = {isa = PBXBuildFile; fileRef = 14EFFCAD1C2B79B600E40973 /* Dates.swift */; };
		14EFFCAF1C2B79B600E40973 /* Dates.swift in Sources */ = {isa = PBXBuildFile; fileRef = 14EFFCAD1C2B79B600E40973 /* Dates.swift */; };
/* End PBXBuildFile section */

/* Begin PBXContainerItemProxy section */
		141232821B0E85810045E7AA /* PBXContainerItemProxy */ = {
			isa = PBXContainerItemProxy;
			containerPortal = 141232641B0E85810045E7AA /* Project object */;
			proxyType = 1;
			remoteGlobalIDString = 1412326B1B0E85810045E7AA;
			remoteInfo = "The Poop Deck";
		};
		1498ACCE1BA4A65E009362C0 /* PBXContainerItemProxy */ = {
			isa = PBXContainerItemProxy;
			containerPortal = 141232641B0E85810045E7AA /* Project object */;
			proxyType = 1;
			remoteGlobalIDString = 141232941B0E85BD0045E7AA;
			remoteInfo = "The Poop Deck WatchKit Extension";
		};
		1498ACD11BA4A65E009362C0 /* PBXContainerItemProxy */ = {
			isa = PBXContainerItemProxy;
			containerPortal = 141232641B0E85810045E7AA /* Project object */;
			proxyType = 1;
			remoteGlobalIDString = 141232A31B0E85BD0045E7AA;
			remoteInfo = "The Poop Deck WatchKit App";
		};
/* End PBXContainerItemProxy section */

/* Begin PBXCopyFilesBuildPhase section */
		1498ACD41BA4A65E009362C0 /* Embed App Extensions */ = {
			isa = PBXCopyFilesBuildPhase;
			buildActionMask = 2147483647;
			dstPath = "";
			dstSubfolderSpec = 13;
			files = (
				1498ACD01BA4A65E009362C0 /* The Poop Deck WatchKit Extension.appex in Embed App Extensions */,
			);
			name = "Embed App Extensions";
			runOnlyForDeploymentPostprocessing = 0;
		};
		1498ACD51BA4A65E009362C0 /* Embed Watch Content */ = {
			isa = PBXCopyFilesBuildPhase;
			buildActionMask = 2147483647;
			dstPath = "$(CONTENTS_FOLDER_PATH)/Watch";
			dstSubfolderSpec = 16;
			files = (
				1498ACD31BA4A65E009362C0 /* The Poop Deck WatchKit App.app in Embed Watch Content */,
			);
			name = "Embed Watch Content";
			runOnlyForDeploymentPostprocessing = 0;
		};
/* End PBXCopyFilesBuildPhase section */

/* Begin PBXFileReference section */
		1409E9EE1B4AF69F003FF46D /* Menu.swift */ = {isa = PBXFileReference; fileEncoding = 4; lastKnownFileType = sourcecode.swift; path = Menu.swift; sourceTree = "<group>"; };
		1412326C1B0E85810045E7AA /* The Poop Deck.app */ = {isa = PBXFileReference; explicitFileType = wrapper.application; includeInIndex = 0; path = "The Poop Deck.app"; sourceTree = BUILT_PRODUCTS_DIR; };
		141232701B0E85810045E7AA /* Info.plist */ = {isa = PBXFileReference; lastKnownFileType = text.plist.xml; path = Info.plist; sourceTree = "<group>"; };
		141232711B0E85810045E7AA /* AppDelegate.swift */ = {isa = PBXFileReference; lastKnownFileType = sourcecode.swift; path = AppDelegate.swift; sourceTree = "<group>"; };
		141232731B0E85810045E7AA /* ViewController.swift */ = {isa = PBXFileReference; lastKnownFileType = sourcecode.swift; path = ViewController.swift; sourceTree = "<group>"; };
		141232781B0E85810045E7AA /* Images.xcassets */ = {isa = PBXFileReference; lastKnownFileType = folder.assetcatalog; path = Images.xcassets; sourceTree = "<group>"; };
		1412327B1B0E85810045E7AA /* Base */ = {isa = PBXFileReference; lastKnownFileType = file.xib; name = Base; path = Base.lproj/LaunchScreen.xib; sourceTree = "<group>"; };
		141232811B0E85810045E7AA /* The Poop DeckTests.xctest */ = {isa = PBXFileReference; explicitFileType = wrapper.cfbundle; includeInIndex = 0; path = "The Poop DeckTests.xctest"; sourceTree = BUILT_PRODUCTS_DIR; };
		141232861B0E85810045E7AA /* Info.plist */ = {isa = PBXFileReference; lastKnownFileType = text.plist.xml; path = Info.plist; sourceTree = "<group>"; };
		141232871B0E85810045E7AA /* The_Poop_DeckTests.swift */ = {isa = PBXFileReference; lastKnownFileType = sourcecode.swift; path = The_Poop_DeckTests.swift; sourceTree = "<group>"; };
		141232951B0E85BD0045E7AA /* The Poop Deck WatchKit Extension.appex */ = {isa = PBXFileReference; explicitFileType = "wrapper.app-extension"; includeInIndex = 0; path = "The Poop Deck WatchKit Extension.appex"; sourceTree = BUILT_PRODUCTS_DIR; };
		141232981B0E85BD0045E7AA /* Info.plist */ = {isa = PBXFileReference; lastKnownFileType = text.plist.xml; path = Info.plist; sourceTree = "<group>"; };
		141232991B0E85BD0045E7AA /* PushNotificationPayload.apns */ = {isa = PBXFileReference; lastKnownFileType = text; path = PushNotificationPayload.apns; sourceTree = "<group>"; };
		1412329A1B0E85BD0045E7AA /* InterfaceController.swift */ = {isa = PBXFileReference; lastKnownFileType = sourcecode.swift; path = InterfaceController.swift; sourceTree = "<group>"; };
		1412329C1B0E85BD0045E7AA /* NotificationController.swift */ = {isa = PBXFileReference; lastKnownFileType = sourcecode.swift; path = NotificationController.swift; sourceTree = "<group>"; };
		141232A01B0E85BD0045E7AA /* Images.xcassets */ = {isa = PBXFileReference; lastKnownFileType = folder.assetcatalog; path = Images.xcassets; sourceTree = "<group>"; };
		141232A41B0E85BD0045E7AA /* The Poop Deck WatchKit App.app */ = {isa = PBXFileReference; explicitFileType = wrapper.application; includeInIndex = 0; path = "The Poop Deck WatchKit App.app"; sourceTree = BUILT_PRODUCTS_DIR; };
		141232AA1B0E85BD0045E7AA /* Info.plist */ = {isa = PBXFileReference; lastKnownFileType = text.plist.xml; path = Info.plist; sourceTree = "<group>"; };
		141232AC1B0E85BD0045E7AA /* Base */ = {isa = PBXFileReference; lastKnownFileType = file.storyboard; name = Base; path = Base.lproj/Interface.storyboard; sourceTree = "<group>"; };
		141232AE1B0E85BD0045E7AA /* Images.xcassets */ = {isa = PBXFileReference; lastKnownFileType = folder.assetcatalog; path = Images.xcassets; sourceTree = "<group>"; };
		141232DE1B0E91C40045E7AA /* MealViewController.swift */ = {isa = PBXFileReference; fileEncoding = 4; lastKnownFileType = sourcecode.swift; path = MealViewController.swift; sourceTree = "<group>"; };
		141232E01B0E920A0045E7AA /* HUDRefreshControl.swift */ = {isa = PBXFileReference; fileEncoding = 4; lastKnownFileType = sourcecode.swift; path = HUDRefreshControl.swift; sourceTree = "<group>"; };
		141232E21B0E92460045E7AA /* JSONLoader.swift */ = {isa = PBXFileReference; fileEncoding = 4; lastKnownFileType = sourcecode.swift; path = JSONLoader.swift; sourceTree = "<group>"; };
		141232E41B0E927C0045E7AA /* NavigationController.swift */ = {isa = PBXFileReference; fileEncoding = 4; lastKnownFileType = sourcecode.swift; path = NavigationController.swift; sourceTree = "<group>"; };
		141232E61B0E92AA0045E7AA /* CustomCellTableViewCell.swift */ = {isa = PBXFileReference; fileEncoding = 4; lastKnownFileType = sourcecode.swift; path = CustomCellTableViewCell.swift; sourceTree = "<group>"; };
		141232E81B0E92C20045E7AA /* DayModel.swift */ = {isa = PBXFileReference; fileEncoding = 4; lastKnownFileType = sourcecode.swift; path = DayModel.swift; sourceTree = "<group>"; };
		141232F71B0E98890045E7AA /* Main.storyboard */ = {isa = PBXFileReference; fileEncoding = 4; lastKnownFileType = file.storyboard; path = Main.storyboard; sourceTree = "<group>"; };
		141233761B0EB0C90045E7AA /* RadialBarController.swift */ = {isa = PBXFileReference; fileEncoding = 4; lastKnownFileType = sourcecode.swift; path = RadialBarController.swift; sourceTree = "<group>"; };
		141605971C594B3700C60AA6 /* PushNotifications.swift */ = {isa = PBXFileReference; fileEncoding = 4; lastKnownFileType = sourcecode.swift; path = PushNotifications.swift; sourceTree = "<group>"; };
		1419C25F1C6553E3002C24A1 /* OvalLayer.swift */ = {isa = PBXFileReference; fileEncoding = 4; lastKnownFileType = sourcecode.swift; path = OvalLayer.swift; sourceTree = "<group>"; };
		1419C2621C655416002C24A1 /* Colors.swift */ = {isa = PBXFileReference; fileEncoding = 4; lastKnownFileType = sourcecode.swift; path = Colors.swift; sourceTree = "<group>"; };
		1419C2641C655442002C24A1 /* HolderView.swift */ = {isa = PBXFileReference; fileEncoding = 4; lastKnownFileType = sourcecode.swift; path = HolderView.swift; sourceTree = "<group>"; };
		1419C2661C682B77002C24A1 /* CGRupdate.swift */ = {isa = PBXFileReference; fileEncoding = 4; lastKnownFileType = sourcecode.swift; name = CGRupdate.swift; path = ../CGRupdate.swift; sourceTree = "<group>"; };
		141A44CF1C2CD75300513AAE /* WatchMenuInterface.swift */ = {isa = PBXFileReference; fileEncoding = 4; lastKnownFileType = sourcecode.swift; path = WatchMenuInterface.swift; sourceTree = "<group>"; };
		143E9D411B1FCC55004BA4A3 /* swordIcon@3x.png */ = {isa = PBXFileReference; lastKnownFileType = image.png; name = "swordIcon@3x.png"; path = "../The Poop Deck WatchKit Extension/swordIcon@3x.png"; sourceTree = "<group>"; };
		143E9D421B1FCC55004BA4A3 /* swordIcon@2x.png */ = {isa = PBXFileReference; lastKnownFileType = image.png; name = "swordIcon@2x.png"; path = "../The Poop Deck WatchKit Extension/swordIcon@2x.png"; sourceTree = "<group>"; };
		1454950F1C5DF62A0021F70A /* NotificationScreenController.swift */ = {isa = PBXFileReference; fileEncoding = 4; lastKnownFileType = sourcecode.swift; path = NotificationScreenController.swift; sourceTree = "<group>"; };
		145507761C2E1B89009BBFF8 /* WatchMenuRow.swift */ = {isa = PBXFileReference; fileEncoding = 4; lastKnownFileType = sourcecode.swift; path = WatchMenuRow.swift; sourceTree = "<group>"; };
		1455077A1C2E21AB009BBFF8 /* WatchMenu.swift */ = {isa = PBXFileReference; fileEncoding = 4; lastKnownFileType = sourcecode.swift; path = WatchMenu.swift; sourceTree = "<group>"; };
		1455077C1C30774C009BBFF8 /* GraduationClass.swift */ = {isa = PBXFileReference; fileEncoding = 4; lastKnownFileType = sourcecode.swift; path = GraduationClass.swift; sourceTree = "<group>"; };
		1488C6A21B37AB6E00E32B23 /* RadialBars.xcassets */ = {isa = PBXFileReference; lastKnownFileType = folder.assetcatalog; path = RadialBars.xcassets; sourceTree = "<group>"; };
		1488C6A41B37AC5D00E32B23 /* Buttons.xcassets */ = {isa = PBXFileReference; lastKnownFileType = folder.assetcatalog; path = Buttons.xcassets; sourceTree = "<group>"; };
		14B39C8A1B121F00005D682E /* Settings.bundle */ = {isa = PBXFileReference; lastKnownFileType = "wrapper.plug-in"; path = Settings.bundle; sourceTree = "<group>"; };
		14D88E401B101D06003D4A8A /* WatchKit.framework */ = {isa = PBXFileReference; lastKnownFileType = wrapper.framework; name = WatchKit.framework; path = System/Library/Frameworks/WatchKit.framework; sourceTree = SDKROOT; };
		14D88E421B101DC0003D4A8A /* The Poop Deck WatchKit Extension.entitlements */ = {isa = PBXFileReference; lastKnownFileType = text.xml; path = "The Poop Deck WatchKit Extension.entitlements"; sourceTree = "<group>"; };
		14D88E431B101DCF003D4A8A /* The Poop Deck.entitlements */ = {isa = PBXFileReference; lastKnownFileType = text.xml; path = "The Poop Deck.entitlements"; sourceTree = "<group>"; };
		14EFFCAC1C2B79B500E40973 /* The Poop Deck WatchKit App-Bridging-Header.h */ = {isa = PBXFileReference; lastKnownFileType = sourcecode.c.h; path = "The Poop Deck WatchKit App-Bridging-Header.h"; sourceTree = "<group>"; };
		14EFFCAD1C2B79B600E40973 /* Dates.swift */ = {isa = PBXFileReference; fileEncoding = 4; lastKnownFileType = sourcecode.swift; path = Dates.swift; sourceTree = "<group>"; };
/* End PBXFileReference section */

/* Begin PBXFrameworksBuildPhase section */
		141232691B0E85810045E7AA /* Frameworks */ = {
			isa = PBXFrameworksBuildPhase;
			buildActionMask = 2147483647;
			files = (
				14D88E411B101D06003D4A8A /* WatchKit.framework in Frameworks */,
			);
			runOnlyForDeploymentPostprocessing = 0;
		};
		1412327E1B0E85810045E7AA /* Frameworks */ = {
			isa = PBXFrameworksBuildPhase;
			buildActionMask = 2147483647;
			files = (
			);
			runOnlyForDeploymentPostprocessing = 0;
		};
		141232921B0E85BD0045E7AA /* Frameworks */ = {
			isa = PBXFrameworksBuildPhase;
			buildActionMask = 2147483647;
			files = (
			);
			runOnlyForDeploymentPostprocessing = 0;
		};
/* End PBXFrameworksBuildPhase section */

/* Begin PBXGroup section */
		141232631B0E85810045E7AA = {
			isa = PBXGroup;
			children = (
				14D88E401B101D06003D4A8A /* WatchKit.framework */,
				1412326E1B0E85810045E7AA /* The Poop Deck */,
				141232841B0E85810045E7AA /* The Poop DeckTests */,
				141232961B0E85BD0045E7AA /* The Poop Deck WatchKit Extension */,
				141232A81B0E85BD0045E7AA /* The Poop Deck WatchKit App */,
				1412326D1B0E85810045E7AA /* Products */,
			);
			sourceTree = "<group>";
		};
		1412326D1B0E85810045E7AA /* Products */ = {
			isa = PBXGroup;
			children = (
				1412326C1B0E85810045E7AA /* The Poop Deck.app */,
				141232811B0E85810045E7AA /* The Poop DeckTests.xctest */,
				141232951B0E85BD0045E7AA /* The Poop Deck WatchKit Extension.appex */,
				141232A41B0E85BD0045E7AA /* The Poop Deck WatchKit App.app */,
			);
			name = Products;
			sourceTree = "<group>";
		};
		1412326E1B0E85810045E7AA /* The Poop Deck */ = {
			isa = PBXGroup;
			children = (
				14D88E431B101DCF003D4A8A /* The Poop Deck.entitlements */,
				141232711B0E85810045E7AA /* AppDelegate.swift */,
				14EFFCAD1C2B79B600E40973 /* Dates.swift */,
				1419C2661C682B77002C24A1 /* CGRupdate.swift */,
				141232E41B0E927C0045E7AA /* NavigationController.swift */,
				141232731B0E85810045E7AA /* ViewController.swift */,
				141232DE1B0E91C40045E7AA /* MealViewController.swift */,
				1454950F1C5DF62A0021F70A /* NotificationScreenController.swift */,
				1409E9EE1B4AF69F003FF46D /* Menu.swift */,
				141232E01B0E920A0045E7AA /* HUDRefreshControl.swift */,
				141232E21B0E92460045E7AA /* JSONLoader.swift */,
				141605971C594B3700C60AA6 /* PushNotifications.swift */,
				141232E61B0E92AA0045E7AA /* CustomCellTableViewCell.swift */,
				141232E81B0E92C20045E7AA /* DayModel.swift */,
				1419C2611C655406002C24A1 /* Loading */,
				141232F71B0E98890045E7AA /* Main.storyboard */,
				141232781B0E85810045E7AA /* Images.xcassets */,
				1488C6A41B37AC5D00E32B23 /* Buttons.xcassets */,
				1412327A1B0E85810045E7AA /* LaunchScreen.xib */,
				14B39C8A1B121F00005D682E /* Settings.bundle */,
				1412326F1B0E85810045E7AA /* Supporting Files */,
				14EFFCAC1C2B79B500E40973 /* The Poop Deck WatchKit App-Bridging-Header.h */,
			);
			path = "The Poop Deck";
			sourceTree = "<group>";
		};
		1412326F1B0E85810045E7AA /* Supporting Files */ = {
			isa = PBXGroup;
			children = (
				141232701B0E85810045E7AA /* Info.plist */,
			);
			name = "Supporting Files";
			sourceTree = "<group>";
		};
		141232841B0E85810045E7AA /* The Poop DeckTests */ = {
			isa = PBXGroup;
			children = (
				141232871B0E85810045E7AA /* The_Poop_DeckTests.swift */,
				141232851B0E85810045E7AA /* Supporting Files */,
			);
			path = "The Poop DeckTests";
			sourceTree = "<group>";
		};
		141232851B0E85810045E7AA /* Supporting Files */ = {
			isa = PBXGroup;
			children = (
				141232861B0E85810045E7AA /* Info.plist */,
			);
			name = "Supporting Files";
			sourceTree = "<group>";
		};
		141232961B0E85BD0045E7AA /* The Poop Deck WatchKit Extension */ = {
			isa = PBXGroup;
			children = (
				14D88E421B101DC0003D4A8A /* The Poop Deck WatchKit Extension.entitlements */,
				1412329A1B0E85BD0045E7AA /* InterfaceController.swift */,
				141233761B0EB0C90045E7AA /* RadialBarController.swift */,
				1455077C1C30774C009BBFF8 /* GraduationClass.swift */,
				1412329C1B0E85BD0045E7AA /* NotificationController.swift */,
				141232A01B0E85BD0045E7AA /* Images.xcassets */,
				141232971B0E85BD0045E7AA /* Supporting Files */,
			);
			path = "The Poop Deck WatchKit Extension";
			sourceTree = "<group>";
		};
		141232971B0E85BD0045E7AA /* Supporting Files */ = {
			isa = PBXGroup;
			children = (
				141232981B0E85BD0045E7AA /* Info.plist */,
				141232991B0E85BD0045E7AA /* PushNotificationPayload.apns */,
			);
			name = "Supporting Files";
			sourceTree = "<group>";
		};
		141232A81B0E85BD0045E7AA /* The Poop Deck WatchKit App */ = {
			isa = PBXGroup;
			children = (
				141232AB1B0E85BD0045E7AA /* Interface.storyboard */,
				145507761C2E1B89009BBFF8 /* WatchMenuRow.swift */,
				141A44CF1C2CD75300513AAE /* WatchMenuInterface.swift */,
				1455077A1C2E21AB009BBFF8 /* WatchMenu.swift */,
				141232AE1B0E85BD0045E7AA /* Images.xcassets */,
				141232A91B0E85BD0045E7AA /* Supporting Files */,
			);
			path = "The Poop Deck WatchKit App";
			sourceTree = "<group>";
		};
		141232A91B0E85BD0045E7AA /* Supporting Files */ = {
			isa = PBXGroup;
			children = (
				141232AA1B0E85BD0045E7AA /* Info.plist */,
				143E9D451B1FCC77004BA4A3 /* IconsVarious */,
			);
			name = "Supporting Files";
			sourceTree = "<group>";
		};
		1419C2611C655406002C24A1 /* Loading */ = {
			isa = PBXGroup;
			children = (
				1419C25F1C6553E3002C24A1 /* OvalLayer.swift */,
				1419C2621C655416002C24A1 /* Colors.swift */,
				1419C2641C655442002C24A1 /* HolderView.swift */,
			);
			name = Loading;
			sourceTree = "<group>";
		};
		143E9D451B1FCC77004BA4A3 /* IconsVarious */ = {
			isa = PBXGroup;
			children = (
				143E9D411B1FCC55004BA4A3 /* swordIcon@3x.png */,
				143E9D421B1FCC55004BA4A3 /* swordIcon@2x.png */,
				1488C6A21B37AB6E00E32B23 /* RadialBars.xcassets */,
			);
			name = IconsVarious;
			sourceTree = "<group>";
		};
/* End PBXGroup section */

/* Begin PBXNativeTarget section */
		1412326B1B0E85810045E7AA /* The Poop Deck */ = {
			isa = PBXNativeTarget;
			buildConfigurationList = 1412328B1B0E85810045E7AA /* Build configuration list for PBXNativeTarget "The Poop Deck" */;
			buildPhases = (
				141232681B0E85810045E7AA /* Sources */,
				141232691B0E85810045E7AA /* Frameworks */,
				1412326A1B0E85810045E7AA /* Resources */,
				1498ACD51BA4A65E009362C0 /* Embed Watch Content */,
			);
			buildRules = (
			);
			dependencies = (
				1498ACD21BA4A65E009362C0 /* PBXTargetDependency */,
			);
			name = "The Poop Deck";
			productName = "The Poop Deck";
			productReference = 1412326C1B0E85810045E7AA /* The Poop Deck.app */;
			productType = "com.apple.product-type.application";
		};
		141232801B0E85810045E7AA /* The Poop DeckTests */ = {
			isa = PBXNativeTarget;
			buildConfigurationList = 1412328E1B0E85810045E7AA /* Build configuration list for PBXNativeTarget "The Poop DeckTests" */;
			buildPhases = (
				1412327D1B0E85810045E7AA /* Sources */,
				1412327E1B0E85810045E7AA /* Frameworks */,
				1412327F1B0E85810045E7AA /* Resources */,
			);
			buildRules = (
			);
			dependencies = (
				141232831B0E85810045E7AA /* PBXTargetDependency */,
			);
			name = "The Poop DeckTests";
			productName = "The Poop DeckTests";
			productReference = 141232811B0E85810045E7AA /* The Poop DeckTests.xctest */;
			productType = "com.apple.product-type.bundle.unit-test";
		};
		141232941B0E85BD0045E7AA /* The Poop Deck WatchKit Extension */ = {
			isa = PBXNativeTarget;
			buildConfigurationList = 141232B61B0E85BD0045E7AA /* Build configuration list for PBXNativeTarget "The Poop Deck WatchKit Extension" */;
			buildPhases = (
				141232911B0E85BD0045E7AA /* Sources */,
				141232921B0E85BD0045E7AA /* Frameworks */,
				141232931B0E85BD0045E7AA /* Resources */,
			);
			buildRules = (
			);
			dependencies = (
			);
			name = "The Poop Deck WatchKit Extension";
			productName = "The Poop Deck WatchKit Extension";
			productReference = 141232951B0E85BD0045E7AA /* The Poop Deck WatchKit Extension.appex */;
			productType = "com.apple.product-type.watchkit2-extension";
		};
		141232A31B0E85BD0045E7AA /* The Poop Deck WatchKit App */ = {
			isa = PBXNativeTarget;
			buildConfigurationList = 141232B31B0E85BD0045E7AA /* Build configuration list for PBXNativeTarget "The Poop Deck WatchKit App" */;
			buildPhases = (
				141232A21B0E85BD0045E7AA /* Resources */,
				1498ACD41BA4A65E009362C0 /* Embed App Extensions */,
			);
			buildRules = (
			);
			dependencies = (
				1498ACCF1BA4A65E009362C0 /* PBXTargetDependency */,
			);
			name = "The Poop Deck WatchKit App";
			productName = "The Poop Deck WatchKit App";
			productReference = 141232A41B0E85BD0045E7AA /* The Poop Deck WatchKit App.app */;
			productType = "com.apple.product-type.application.watchapp2";
		};
/* End PBXNativeTarget section */

/* Begin PBXProject section */
		141232641B0E85810045E7AA /* Project object */ = {
			isa = PBXProject;
			attributes = {
				LastSwiftMigration = 0700;
				LastSwiftUpdateCheck = 0720;
				LastUpgradeCheck = 0700;
				ORGANIZATIONNAME = "Sean Deaton";
				TargetAttributes = {
					1412326B1B0E85810045E7AA = {
						CreatedOnToolsVersion = 6.3.1;
						DevelopmentTeam = J7TFD32G4P;
						SystemCapabilities = {
							com.apple.ApplicationGroups.iOS = {
								enabled = 0;
							};
							com.apple.BackgroundModes = {
								enabled = 0;
							};
						};
					};
					141232801B0E85810045E7AA = {
						CreatedOnToolsVersion = 6.3.1;
						TestTargetID = 1412326B1B0E85810045E7AA;
					};
					141232941B0E85BD0045E7AA = {
						CreatedOnToolsVersion = 6.3.1;
						DevelopmentTeam = J7TFD32G4P;
						SystemCapabilities = {
							com.apple.ApplicationGroups.iOS = {
								enabled = 0;
							};
						};
					};
					141232A31B0E85BD0045E7AA = {
						CreatedOnToolsVersion = 6.3.1;
						DevelopmentTeam = J7TFD32G4P;
					};
				};
			};
			buildConfigurationList = 141232671B0E85810045E7AA /* Build configuration list for PBXProject "The Poop Deck" */;
			compatibilityVersion = "Xcode 3.2";
			developmentRegion = English;
			hasScannedForEncodings = 0;
			knownRegions = (
				en,
				Base,
			);
			mainGroup = 141232631B0E85810045E7AA;
			productRefGroup = 1412326D1B0E85810045E7AA /* Products */;
			projectDirPath = "";
			projectRoot = "";
			targets = (
				1412326B1B0E85810045E7AA /* The Poop Deck */,
				141232801B0E85810045E7AA /* The Poop DeckTests */,
				141232941B0E85BD0045E7AA /* The Poop Deck WatchKit Extension */,
				141232A31B0E85BD0045E7AA /* The Poop Deck WatchKit App */,
			);
		};
/* End PBXProject section */

/* Begin PBXResourcesBuildPhase section */
		1412326A1B0E85810045E7AA /* Resources */ = {
			isa = PBXResourcesBuildPhase;
			buildActionMask = 2147483647;
			files = (
				141232F81B0E98890045E7AA /* Main.storyboard in Resources */,
				14B39C8B1B121F00005D682E /* Settings.bundle in Resources */,
				1488C6A51B37AC5D00E32B23 /* Buttons.xcassets in Resources */,
				1412327C1B0E85810045E7AA /* LaunchScreen.xib in Resources */,
				141232791B0E85810045E7AA /* Images.xcassets in Resources */,
			);
			runOnlyForDeploymentPostprocessing = 0;
		};
		1412327F1B0E85810045E7AA /* Resources */ = {
			isa = PBXResourcesBuildPhase;
			buildActionMask = 2147483647;
			files = (
			);
			runOnlyForDeploymentPostprocessing = 0;
		};
		141232931B0E85BD0045E7AA /* Resources */ = {
			isa = PBXResourcesBuildPhase;
			buildActionMask = 2147483647;
			files = (
				145507711C2E09D7009BBFF8 /* Interface.storyboard in Resources */,
				141232A11B0E85BD0045E7AA /* Images.xcassets in Resources */,
				143E9D441B1FCC55004BA4A3 /* swordIcon@2x.png in Resources */,
				143E9D431B1FCC55004BA4A3 /* swordIcon@3x.png in Resources */,
			);
			runOnlyForDeploymentPostprocessing = 0;
		};
		141232A21B0E85BD0045E7AA /* Resources */ = {
			isa = PBXResourcesBuildPhase;
			buildActionMask = 2147483647;
			files = (
				1488C6A31B37AB6F00E32B23 /* RadialBars.xcassets in Resources */,
				141232AD1B0E85BD0045E7AA /* Interface.storyboard in Resources */,
				141232AF1B0E85BD0045E7AA /* Images.xcassets in Resources */,
			);
			runOnlyForDeploymentPostprocessing = 0;
		};
/* End PBXResourcesBuildPhase section */

/* Begin PBXSourcesBuildPhase section */
		141232681B0E85810045E7AA /* Sources */ = {
			isa = PBXSourcesBuildPhase;
			buildActionMask = 2147483647;
			files = (
				145495101C5DF62A0021F70A /* NotificationScreenController.swift in Sources */,
				141232E91B0E92C20045E7AA /* DayModel.swift in Sources */,
				141605981C594B3700C60AA6 /* PushNotifications.swift in Sources */,
				1419C2631C655416002C24A1 /* Colors.swift in Sources */,
				14EFFCAE1C2B79B600E40973 /* Dates.swift in Sources */,
				141232E31B0E92460045E7AA /* JSONLoader.swift in Sources */,
				1419C2601C6553E3002C24A1 /* OvalLayer.swift in Sources */,
				141232E51B0E927C0045E7AA /* NavigationController.swift in Sources */,
				141232741B0E85810045E7AA /* ViewController.swift in Sources */,
				1419C2671C682B77002C24A1 /* CGRupdate.swift in Sources */,
				141232E71B0E92AA0045E7AA /* CustomCellTableViewCell.swift in Sources */,
				141232721B0E85810045E7AA /* AppDelegate.swift in Sources */,
				1409E9EF1B4AF69F003FF46D /* Menu.swift in Sources */,
				1419C2651C655442002C24A1 /* HolderView.swift in Sources */,
				141232DF1B0E91C40045E7AA /* MealViewController.swift in Sources */,
				141232E11B0E920A0045E7AA /* HUDRefreshControl.swift in Sources */,
			);
			runOnlyForDeploymentPostprocessing = 0;
		};
		1412327D1B0E85810045E7AA /* Sources */ = {
			isa = PBXSourcesBuildPhase;
			buildActionMask = 2147483647;
			files = (
				141232881B0E85810045E7AA /* The_Poop_DeckTests.swift in Sources */,
			);
			runOnlyForDeploymentPostprocessing = 0;
		};
		141232911B0E85BD0045E7AA /* Sources */ = {
			isa = PBXSourcesBuildPhase;
			buildActionMask = 2147483647;
			files = (
				145507791C2E1D2E009BBFF8 /* WatchMenuInterface.swift in Sources */,
				1412329D1B0E85BD0045E7AA /* NotificationController.swift in Sources */,
				14EFFCAF1C2B79B600E40973 /* Dates.swift in Sources */,
				1412329B1B0E85BD0045E7AA /* InterfaceController.swift in Sources */,
				1455077D1C30774C009BBFF8 /* GraduationClass.swift in Sources */,
				148F78881B0EBBC40056D00E /* RadialBarController.swift in Sources */,
				145507781C2E1B89009BBFF8 /* WatchMenuRow.swift in Sources */,
				1455077B1C2E21AB009BBFF8 /* WatchMenu.swift in Sources */,
			);
			runOnlyForDeploymentPostprocessing = 0;
		};
/* End PBXSourcesBuildPhase section */

/* Begin PBXTargetDependency section */
		141232831B0E85810045E7AA /* PBXTargetDependency */ = {
			isa = PBXTargetDependency;
			target = 1412326B1B0E85810045E7AA /* The Poop Deck */;
			targetProxy = 141232821B0E85810045E7AA /* PBXContainerItemProxy */;
		};
		1498ACCF1BA4A65E009362C0 /* PBXTargetDependency */ = {
			isa = PBXTargetDependency;
			target = 141232941B0E85BD0045E7AA /* The Poop Deck WatchKit Extension */;
			targetProxy = 1498ACCE1BA4A65E009362C0 /* PBXContainerItemProxy */;
		};
		1498ACD21BA4A65E009362C0 /* PBXTargetDependency */ = {
			isa = PBXTargetDependency;
			target = 141232A31B0E85BD0045E7AA /* The Poop Deck WatchKit App */;
			targetProxy = 1498ACD11BA4A65E009362C0 /* PBXContainerItemProxy */;
		};
/* End PBXTargetDependency section */

/* Begin PBXVariantGroup section */
		1412327A1B0E85810045E7AA /* LaunchScreen.xib */ = {
			isa = PBXVariantGroup;
			children = (
				1412327B1B0E85810045E7AA /* Base */,
			);
			name = LaunchScreen.xib;
			sourceTree = "<group>";
		};
		141232AB1B0E85BD0045E7AA /* Interface.storyboard */ = {
			isa = PBXVariantGroup;
			children = (
				141232AC1B0E85BD0045E7AA /* Base */,
			);
			name = Interface.storyboard;
			sourceTree = "<group>";
		};
/* End PBXVariantGroup section */

/* Begin XCBuildConfiguration section */
		141232891B0E85810045E7AA /* Debug */ = {
			isa = XCBuildConfiguration;
			buildSettings = {
				ALWAYS_SEARCH_USER_PATHS = NO;
				CLANG_CXX_LANGUAGE_STANDARD = "gnu++0x";
				CLANG_CXX_LIBRARY = "libc++";
				CLANG_ENABLE_MODULES = YES;
				CLANG_ENABLE_OBJC_ARC = YES;
				CLANG_WARN_BOOL_CONVERSION = YES;
				CLANG_WARN_CONSTANT_CONVERSION = YES;
				CLANG_WARN_DIRECT_OBJC_ISA_USAGE = YES_ERROR;
				CLANG_WARN_EMPTY_BODY = YES;
				CLANG_WARN_ENUM_CONVERSION = YES;
				CLANG_WARN_INT_CONVERSION = YES;
				CLANG_WARN_OBJC_ROOT_CLASS = YES_ERROR;
				CLANG_WARN_UNREACHABLE_CODE = YES;
				CLANG_WARN__DUPLICATE_METHOD_MATCH = YES;
				"CODE_SIGN_IDENTITY[sdk=iphoneos*]" = "iPhone Developer";
				COPY_PHASE_STRIP = NO;
				DEBUG_INFORMATION_FORMAT = "dwarf-with-dsym";
				ENABLE_STRICT_OBJC_MSGSEND = YES;
				ENABLE_TESTABILITY = YES;
				GCC_C_LANGUAGE_STANDARD = gnu99;
				GCC_DYNAMIC_NO_PIC = NO;
				GCC_NO_COMMON_BLOCKS = YES;
				GCC_OPTIMIZATION_LEVEL = 0;
				GCC_PREPROCESSOR_DEFINITIONS = (
					"DEBUG=1",
					"$(inherited)",
				);
				GCC_SYMBOLS_PRIVATE_EXTERN = NO;
				GCC_WARN_64_TO_32_BIT_CONVERSION = YES;
				GCC_WARN_ABOUT_RETURN_TYPE = YES_ERROR;
				GCC_WARN_UNDECLARED_SELECTOR = YES;
				GCC_WARN_UNINITIALIZED_AUTOS = YES_AGGRESSIVE;
				GCC_WARN_UNUSED_FUNCTION = YES;
				GCC_WARN_UNUSED_VARIABLE = YES;
				IPHONEOS_DEPLOYMENT_TARGET = 8.2;
				MTL_ENABLE_DEBUG_INFO = YES;
				ONLY_ACTIVE_ARCH = YES;
				SDKROOT = iphoneos;
				SWIFT_OPTIMIZATION_LEVEL = "-Onone";
				TARGETED_DEVICE_FAMILY = "1,2";
			};
			name = Debug;
		};
		1412328A1B0E85810045E7AA /* Release */ = {
			isa = XCBuildConfiguration;
			buildSettings = {
				ALWAYS_SEARCH_USER_PATHS = NO;
				CLANG_CXX_LANGUAGE_STANDARD = "gnu++0x";
				CLANG_CXX_LIBRARY = "libc++";
				CLANG_ENABLE_MODULES = YES;
				CLANG_ENABLE_OBJC_ARC = YES;
				CLANG_WARN_BOOL_CONVERSION = YES;
				CLANG_WARN_CONSTANT_CONVERSION = YES;
				CLANG_WARN_DIRECT_OBJC_ISA_USAGE = YES_ERROR;
				CLANG_WARN_EMPTY_BODY = YES;
				CLANG_WARN_ENUM_CONVERSION = YES;
				CLANG_WARN_INT_CONVERSION = YES;
				CLANG_WARN_OBJC_ROOT_CLASS = YES_ERROR;
				CLANG_WARN_UNREACHABLE_CODE = YES;
				CLANG_WARN__DUPLICATE_METHOD_MATCH = YES;
				"CODE_SIGN_IDENTITY[sdk=iphoneos*]" = "iPhone Developer";
				COPY_PHASE_STRIP = NO;
				DEBUG_INFORMATION_FORMAT = "dwarf-with-dsym";
				ENABLE_NS_ASSERTIONS = NO;
				ENABLE_STRICT_OBJC_MSGSEND = YES;
				GCC_C_LANGUAGE_STANDARD = gnu99;
				GCC_NO_COMMON_BLOCKS = YES;
				GCC_WARN_64_TO_32_BIT_CONVERSION = YES;
				GCC_WARN_ABOUT_RETURN_TYPE = YES_ERROR;
				GCC_WARN_UNDECLARED_SELECTOR = YES;
				GCC_WARN_UNINITIALIZED_AUTOS = YES_AGGRESSIVE;
				GCC_WARN_UNUSED_FUNCTION = YES;
				GCC_WARN_UNUSED_VARIABLE = YES;
				IPHONEOS_DEPLOYMENT_TARGET = 8.2;
				MTL_ENABLE_DEBUG_INFO = NO;
				SDKROOT = iphoneos;
				TARGETED_DEVICE_FAMILY = "1,2";
				VALIDATE_PRODUCT = YES;
			};
			name = Release;
		};
		1412328C1B0E85810045E7AA /* Debug */ = {
			isa = XCBuildConfiguration;
			buildSettings = {
				ASSETCATALOG_COMPILER_APPICON_NAME = AppIcon;
				CODE_SIGN_IDENTITY = "iPhone Developer";
				"CODE_SIGN_IDENTITY[sdk=iphoneos*]" = "iPhone Developer";
				INFOPLIST_FILE = "The Poop Deck/Info.plist";
				IPHONEOS_DEPLOYMENT_TARGET = 8.2;
				LD_RUNPATH_SEARCH_PATHS = "$(inherited) @executable_path/Frameworks";
				PRODUCT_BUNDLE_IDENTIFIER = "com.seandeaton.$(PRODUCT_NAME:rfc1034identifier)";
				PRODUCT_NAME = "$(TARGET_NAME)";
				PROVISIONING_PROFILE = "";
			};
			name = Debug;
		};
		1412328D1B0E85810045E7AA /* Release */ = {
			isa = XCBuildConfiguration;
			buildSettings = {
				ASSETCATALOG_COMPILER_APPICON_NAME = AppIcon;
				CODE_SIGN_IDENTITY = "iPhone Developer";
				"CODE_SIGN_IDENTITY[sdk=iphoneos*]" = "iPhone Developer";
				INFOPLIST_FILE = "The Poop Deck/Info.plist";
				IPHONEOS_DEPLOYMENT_TARGET = 8.2;
				LD_RUNPATH_SEARCH_PATHS = "$(inherited) @executable_path/Frameworks";
				PRODUCT_BUNDLE_IDENTIFIER = "com.seandeaton.$(PRODUCT_NAME:rfc1034identifier)";
				PRODUCT_NAME = "$(TARGET_NAME)";
				PROVISIONING_PROFILE = "";
			};
			name = Release;
		};
		1412328F1B0E85810045E7AA /* Debug */ = {
			isa = XCBuildConfiguration;
			buildSettings = {
				BUNDLE_LOADER = "$(TEST_HOST)";
				FRAMEWORK_SEARCH_PATHS = "";
				GCC_PREPROCESSOR_DEFINITIONS = (
					"DEBUG=1",
					"$(inherited)",
				);
				INFOPLIST_FILE = "The Poop DeckTests/Info.plist";
				LD_RUNPATH_SEARCH_PATHS = "$(inherited) @executable_path/Frameworks @loader_path/Frameworks";
				PRODUCT_BUNDLE_IDENTIFIER = "com.seandeaton.$(PRODUCT_NAME:rfc1034identifier)";
				PRODUCT_NAME = "$(TARGET_NAME)";
				TEST_HOST = "$(BUILT_PRODUCTS_DIR)/The Poop Deck.app/The Poop Deck";
			};
			name = Debug;
		};
		141232901B0E85810045E7AA /* Release */ = {
			isa = XCBuildConfiguration;
			buildSettings = {
				BUNDLE_LOADER = "$(TEST_HOST)";
				FRAMEWORK_SEARCH_PATHS = "";
				INFOPLIST_FILE = "The Poop DeckTests/Info.plist";
				LD_RUNPATH_SEARCH_PATHS = "$(inherited) @executable_path/Frameworks @loader_path/Frameworks";
				PRODUCT_BUNDLE_IDENTIFIER = "com.seandeaton.$(PRODUCT_NAME:rfc1034identifier)";
				PRODUCT_NAME = "$(TARGET_NAME)";
				TEST_HOST = "$(BUILT_PRODUCTS_DIR)/The Poop Deck.app/The Poop Deck";
			};
			name = Release;
		};
		141232B41B0E85BD0045E7AA /* Debug */ = {
			isa = XCBuildConfiguration;
			buildSettings = {
				ASSETCATALOG_COMPILER_APPICON_NAME = AppIcon;
				CLANG_ENABLE_MODULES = YES;
				CODE_SIGN_IDENTITY = "iPhone Developer";
				EMBEDDED_CONTENT_CONTAINS_SWIFT = YES;
				GCC_PREPROCESSOR_DEFINITIONS = (
					"DEBUG=1",
					"$(inherited)",
				);
				IBSC_MODULE = The_Poop_Deck_WatchKit_Extension;
				INFOPLIST_FILE = "The Poop Deck WatchKit App/Info.plist";
				LD_RUNPATH_SEARCH_PATHS = "$(inherited) @executable_path/../Frameworks @loader_path/../Frameworks";
				PRODUCT_BUNDLE_IDENTIFIER = "com.seandeaton.The-Poop-Deck.watchkitapp";
				PRODUCT_NAME = "$(TARGET_NAME)";
				SDKROOT = watchos;
				SKIP_INSTALL = YES;
				SWIFT_OBJC_BRIDGING_HEADER = "The Poop Deck/The Poop Deck WatchKit App-Bridging-Header.h";
				SWIFT_OPTIMIZATION_LEVEL = "-Onone";
				TARGETED_DEVICE_FAMILY = 4;
				WATCHOS_DEPLOYMENT_TARGET = 2.0;
			};
			name = Debug;
		};
		141232B51B0E85BD0045E7AA /* Release */ = {
			isa = XCBuildConfiguration;
			buildSettings = {
				ASSETCATALOG_COMPILER_APPICON_NAME = AppIcon;
				CLANG_ENABLE_MODULES = YES;
				CODE_SIGN_IDENTITY = "iPhone Developer";
				EMBEDDED_CONTENT_CONTAINS_SWIFT = YES;
				IBSC_MODULE = The_Poop_Deck_WatchKit_Extension;
				INFOPLIST_FILE = "The Poop Deck WatchKit App/Info.plist";
				LD_RUNPATH_SEARCH_PATHS = "$(inherited) @executable_path/../Frameworks @loader_path/../Frameworks";
				PRODUCT_BUNDLE_IDENTIFIER = "com.seandeaton.The-Poop-Deck.watchkitapp";
				PRODUCT_NAME = "$(TARGET_NAME)";
				SDKROOT = watchos;
				SKIP_INSTALL = YES;
				SWIFT_OBJC_BRIDGING_HEADER = "The Poop Deck/The Poop Deck WatchKit App-Bridging-Header.h";
				TARGETED_DEVICE_FAMILY = 4;
				WATCHOS_DEPLOYMENT_TARGET = 2.0;
			};
			name = Release;
		};
		141232B71B0E85BD0045E7AA /* Debug */ = {
			isa = XCBuildConfiguration;
			buildSettings = {
				CODE_SIGN_IDENTITY = "iPhone Developer";
				"CODE_SIGN_IDENTITY[sdk=iphoneos*]" = "iPhone Developer";
				GCC_PREPROCESSOR_DEFINITIONS = (
					"DEBUG=1",
					"$(inherited)",
				);
				INFOPLIST_FILE = "The Poop Deck WatchKit Extension/Info.plist";
				LD_RUNPATH_SEARCH_PATHS = "$(inherited) @executable_path/Frameworks @executable_path/../../Frameworks";
				PRODUCT_BUNDLE_IDENTIFIER = "com.seandeaton.The-Poop-Deck.watchkitapp.watchkitextension";
				PRODUCT_NAME = "${TARGET_NAME}";
				PROVISIONING_PROFILE = "";
				SDKROOT = watchos;
				SKIP_INSTALL = YES;
				TARGETED_DEVICE_FAMILY = 4;
				WATCHOS_DEPLOYMENT_TARGET = 2.0;
			};
			name = Debug;
		};
		141232B81B0E85BD0045E7AA /* Release */ = {
			isa = XCBuildConfiguration;
			buildSettings = {
				CODE_SIGN_IDENTITY = "iPhone Developer";
				"CODE_SIGN_IDENTITY[sdk=iphoneos*]" = "iPhone Developer";
				INFOPLIST_FILE = "The Poop Deck WatchKit Extension/Info.plist";
				LD_RUNPATH_SEARCH_PATHS = "$(inherited) @executable_path/Frameworks @executable_path/../../Frameworks";
				PRODUCT_BUNDLE_IDENTIFIER = "com.seandeaton.The-Poop-Deck.watchkitapp.watchkitextension";
				PRODUCT_NAME = "${TARGET_NAME}";
				PROVISIONING_PROFILE = "";
				SDKROOT = watchos;
				SKIP_INSTALL = YES;
				TARGETED_DEVICE_FAMILY = 4;
				WATCHOS_DEPLOYMENT_TARGET = 2.0;
			};
			name = Release;
		};
/* End XCBuildConfiguration section */

/* Begin XCConfigurationList section */
		141232671B0E85810045E7AA /* Build configuration list for PBXProject "The Poop Deck" */ = {
			isa = XCConfigurationList;
			buildConfigurations = (
				141232891B0E85810045E7AA /* Debug */,
				1412328A1B0E85810045E7AA /* Release */,
			);
			defaultConfigurationIsVisible = 0;
			defaultConfigurationName = Release;
		};
		1412328B1B0E85810045E7AA /* Build configuration list for PBXNativeTarget "The Poop Deck" */ = {
			isa = XCConfigurationList;
			buildConfigurations = (
				1412328C1B0E85810045E7AA /* Debug */,
				1412328D1B0E85810045E7AA /* Release */,
			);
			defaultConfigurationIsVisible = 0;
			defaultConfigurationName = Release;
		};
		1412328E1B0E85810045E7AA /* Build configuration list for PBXNativeTarget "The Poop DeckTests" */ = {
			isa = XCConfigurationList;
			buildConfigurations = (
				1412328F1B0E85810045E7AA /* Debug */,
				141232901B0E85810045E7AA /* Release */,
			);
			defaultConfigurationIsVisible = 0;
			defaultConfigurationName = Release;
		};
		141232B31B0E85BD0045E7AA /* Build configuration list for PBXNativeTarget "The Poop Deck WatchKit App" */ = {
			isa = XCConfigurationList;
			buildConfigurations = (
				141232B41B0E85BD0045E7AA /* Debug */,
				141232B51B0E85BD0045E7AA /* Release */,
			);
			defaultConfigurationIsVisible = 0;
			defaultConfigurationName = Release;
		};
		141232B61B0E85BD0045E7AA /* Build configuration list for PBXNativeTarget "The Poop Deck WatchKit Extension" */ = {
			isa = XCConfigurationList;
			buildConfigurations = (
				141232B71B0E85BD0045E7AA /* Debug */,
				141232B81B0E85BD0045E7AA /* Release */,
			);
			defaultConfigurationIsVisible = 0;
			defaultConfigurationName = Release;
		};
/* End XCConfigurationList section */
	};
	rootObject = 141232641B0E85810045E7AA /* Project object */;
}
